// !$*UTF8*$!
{
	archiveVersion = 1;
	classes = {
	};
	objectVersion = 46;
	objects = {

/* Begin PBXBuildFile section */
		OBJ_100 /* SwiftMathBinding.swift in Sources */ = {isa = PBXBuildFile; fileRef = OBJ_12 /* SwiftMathBinding.swift */; };
		OBJ_101 /* SwiftMathBinding_Listener.swift in Sources */ = {isa = PBXBuildFile; fileRef = OBJ_13 /* SwiftMathBinding_Listener.swift */; };
		OBJ_102 /* SwiftMathBinding_Responder.swift in Sources */ = {isa = PBXBuildFile; fileRef = OBJ_14 /* SwiftMathBinding_Responder.swift */; };
		OBJ_103 /* main.swift in Sources */ = {isa = PBXBuildFile; fileRef = OBJ_15 /* main.swift */; };
		OBJ_105 /* Bluetooth.framework in Frameworks */ = {isa = PBXBuildFile; fileRef = "Bluetooth::Bluetooth::Product" /* Bluetooth.framework */; };
		OBJ_106 /* java_swift.framework in Frameworks */ = {isa = PBXBuildFile; fileRef = "java_swift::java_swift::Product" /* java_swift.framework */; };
		OBJ_115 /* ATT.swift in Sources */ = {isa = PBXBuildFile; fileRef = OBJ_20 /* ATT.swift */; };
		OBJ_116 /* ATTProtocolDataUnit.swift in Sources */ = {isa = PBXBuildFile; fileRef = OBJ_21 /* ATTProtocolDataUnit.swift */; };
		OBJ_117 /* Address.swift in Sources */ = {isa = PBXBuildFile; fileRef = OBJ_22 /* Address.swift */; };
		OBJ_118 /* AdvertisingChannelHeader.swift in Sources */ = {isa = PBXBuildFile; fileRef = OBJ_23 /* AdvertisingChannelHeader.swift */; };
		OBJ_119 /* BitMaskOption.swift in Sources */ = {isa = PBXBuildFile; fileRef = OBJ_24 /* BitMaskOption.swift */; };
		OBJ_120 /* BluetoothUUID.swift in Sources */ = {isa = PBXBuildFile; fileRef = OBJ_25 /* BluetoothUUID.swift */; };
		OBJ_121 /* ByteValue.swift in Sources */ = {isa = PBXBuildFile; fileRef = OBJ_26 /* ByteValue.swift */; };
		OBJ_122 /* CompanyIdentifier.swift in Sources */ = {isa = PBXBuildFile; fileRef = OBJ_27 /* CompanyIdentifier.swift */; };
		OBJ_123 /* DefinedUUID.swift in Sources */ = {isa = PBXBuildFile; fileRef = OBJ_28 /* DefinedUUID.swift */; };
		OBJ_124 /* GATT.swift in Sources */ = {isa = PBXBuildFile; fileRef = OBJ_29 /* GATT.swift */; };
		OBJ_125 /* GATTAttributes.swift in Sources */ = {isa = PBXBuildFile; fileRef = OBJ_30 /* GATTAttributes.swift */; };
		OBJ_126 /* HCI.swift in Sources */ = {isa = PBXBuildFile; fileRef = OBJ_31 /* HCI.swift */; };
		OBJ_127 /* HCICommand.swift in Sources */ = {isa = PBXBuildFile; fileRef = OBJ_32 /* HCICommand.swift */; };
		OBJ_128 /* HCIError.swift in Sources */ = {isa = PBXBuildFile; fileRef = OBJ_33 /* HCIError.swift */; };
		OBJ_129 /* HCIEvent.swift in Sources */ = {isa = PBXBuildFile; fileRef = OBJ_34 /* HCIEvent.swift */; };
		OBJ_130 /* HCIGeneralEvent.swift in Sources */ = {isa = PBXBuildFile; fileRef = OBJ_35 /* HCIGeneralEvent.swift */; };
		OBJ_131 /* HCIGeneralEventParameter.swift in Sources */ = {isa = PBXBuildFile; fileRef = OBJ_36 /* HCIGeneralEventParameter.swift */; };
		OBJ_132 /* HCIVersion.swift in Sources */ = {isa = PBXBuildFile; fileRef = OBJ_37 /* HCIVersion.swift */; };
		OBJ_133 /* Hexadecimal.swift in Sources */ = {isa = PBXBuildFile; fileRef = OBJ_38 /* Hexadecimal.swift */; };
		OBJ_134 /* Integer.swift in Sources */ = {isa = PBXBuildFile; fileRef = OBJ_39 /* Integer.swift */; };
		OBJ_135 /* LinkControlCommand.swift in Sources */ = {isa = PBXBuildFile; fileRef = OBJ_40 /* LinkControlCommand.swift */; };
		OBJ_136 /* LinkControlCommandParameter.swift in Sources */ = {isa = PBXBuildFile; fileRef = OBJ_41 /* LinkControlCommandParameter.swift */; };
		OBJ_137 /* LowEnergyAddressType.swift in Sources */ = {isa = PBXBuildFile; fileRef = OBJ_42 /* LowEnergyAddressType.swift */; };
		OBJ_138 /* LowEnergyCommand.swift in Sources */ = {isa = PBXBuildFile; fileRef = OBJ_43 /* LowEnergyCommand.swift */; };
		OBJ_139 /* LowEnergyCommandParameter.swift in Sources */ = {isa = PBXBuildFile; fileRef = OBJ_44 /* LowEnergyCommandParameter.swift */; };
		OBJ_140 /* LowEnergyEvent.swift in Sources */ = {isa = PBXBuildFile; fileRef = OBJ_45 /* LowEnergyEvent.swift */; };
		OBJ_141 /* LowEnergyEventParameter.swift in Sources */ = {isa = PBXBuildFile; fileRef = OBJ_46 /* LowEnergyEventParameter.swift */; };
		OBJ_142 /* PSM.swift in Sources */ = {isa = PBXBuildFile; fileRef = OBJ_47 /* PSM.swift */; };
		OBJ_143 /* Range.swift in Sources */ = {isa = PBXBuildFile; fileRef = OBJ_48 /* Range.swift */; };
		OBJ_144 /* String.swift in Sources */ = {isa = PBXBuildFile; fileRef = OBJ_49 /* String.swift */; };
		OBJ_145 /* UInt128.swift in Sources */ = {isa = PBXBuildFile; fileRef = OBJ_50 /* UInt128.swift */; };
		OBJ_146 /* UUID.swift in Sources */ = {isa = PBXBuildFile; fileRef = OBJ_51 /* UUID.swift */; };
		OBJ_152 /* Exception.swift in Sources */ = {isa = PBXBuildFile; fileRef = OBJ_54 /* Exception.swift */; };
		OBJ_153 /* HashMap.swift in Sources */ = {isa = PBXBuildFile; fileRef = OBJ_55 /* HashMap.swift */; };
		OBJ_154 /* JNICore.swift in Sources */ = {isa = PBXBuildFile; fileRef = OBJ_56 /* JNICore.swift */; };
		OBJ_155 /* JNIField.swift in Sources */ = {isa = PBXBuildFile; fileRef = OBJ_57 /* JNIField.swift */; };
		OBJ_156 /* JNIMethod.swift in Sources */ = {isa = PBXBuildFile; fileRef = OBJ_58 /* JNIMethod.swift */; };
		OBJ_157 /* JNIObject.swift in Sources */ = {isa = PBXBuildFile; fileRef = OBJ_59 /* JNIObject.swift */; };
		OBJ_158 /* JNIProxy.swift in Sources */ = {isa = PBXBuildFile; fileRef = OBJ_60 /* JNIProxy.swift */; };
		OBJ_159 /* JNIType.swift in Sources */ = {isa = PBXBuildFile; fileRef = OBJ_61 /* JNIType.swift */; };
		OBJ_160 /* JavaClass.swift in Sources */ = {isa = PBXBuildFile; fileRef = OBJ_62 /* JavaClass.swift */; };
		OBJ_161 /* JavaEnum.swift in Sources */ = {isa = PBXBuildFile; fileRef = OBJ_63 /* JavaEnum.swift */; };
		OBJ_162 /* JavaMap.swift in Sources */ = {isa = PBXBuildFile; fileRef = OBJ_64 /* JavaMap.swift */; };
		OBJ_163 /* JavaObject.swift in Sources */ = {isa = PBXBuildFile; fileRef = OBJ_65 /* JavaObject.swift */; };
		OBJ_164 /* JavaSet.swift in Sources */ = {isa = PBXBuildFile; fileRef = OBJ_66 /* JavaSet.swift */; };
		OBJ_165 /* Runnable.swift in Sources */ = {isa = PBXBuildFile; fileRef = OBJ_67 /* Runnable.swift */; };
		OBJ_166 /* Throwable.swift in Sources */ = {isa = PBXBuildFile; fileRef = OBJ_68 /* Throwable.swift */; };
		OBJ_78 /* Package.swift in Sources */ = {isa = PBXBuildFile; fileRef = OBJ_6 /* Package.swift */; };
		OBJ_84 /* Package.swift in Sources */ = {isa = PBXBuildFile; fileRef = OBJ_19 /* Package.swift */; };
		OBJ_90 /* Package.swift in Sources */ = {isa = PBXBuildFile; fileRef = OBJ_53 /* Package.swift */; };
		OBJ_96 /* SwiftListViewBinding.swift in Sources */ = {isa = PBXBuildFile; fileRef = OBJ_8 /* SwiftListViewBinding.swift */; };
		OBJ_97 /* SwiftListViewBinding_Cell.swift in Sources */ = {isa = PBXBuildFile; fileRef = OBJ_9 /* SwiftListViewBinding_Cell.swift */; };
		OBJ_98 /* SwiftListViewBinding_Listener.swift in Sources */ = {isa = PBXBuildFile; fileRef = OBJ_10 /* SwiftListViewBinding_Listener.swift */; };
		OBJ_99 /* SwiftListViewBinding_Responder.swift in Sources */ = {isa = PBXBuildFile; fileRef = OBJ_11 /* SwiftListViewBinding_Responder.swift */; };
/* End PBXBuildFile section */

/* Begin PBXContainerItemProxy section */
		6E45C7E5205DA34F00C76374 /* PBXContainerItemProxy */ = {
			isa = PBXContainerItemProxy;
			containerPortal = OBJ_1 /* Project object */;
			proxyType = 1;
			remoteGlobalIDString = "Bluetooth::Bluetooth";
			remoteInfo = Bluetooth;
		};
		6E45C7E6205DA34F00C76374 /* PBXContainerItemProxy */ = {
			isa = PBXContainerItemProxy;
			containerPortal = OBJ_1 /* Project object */;
			proxyType = 1;
			remoteGlobalIDString = "java_swift::java_swift";
			remoteInfo = java_swift;
		};
/* End PBXContainerItemProxy section */

/* Begin PBXFileReference section */
		"Bluetooth::Bluetooth::Product" /* Bluetooth.framework */ = {isa = PBXFileReference; explicitFileType = wrapper.framework; path = Bluetooth.framework; sourceTree = BUILT_PRODUCTS_DIR; };
		OBJ_10 /* SwiftListViewBinding_Listener.swift */ = {isa = PBXFileReference; lastKnownFileType = sourcecode.swift; path = SwiftListViewBinding_Listener.swift; sourceTree = "<group>"; };
		OBJ_11 /* SwiftListViewBinding_Responder.swift */ = {isa = PBXFileReference; lastKnownFileType = sourcecode.swift; path = SwiftListViewBinding_Responder.swift; sourceTree = "<group>"; };
		OBJ_12 /* SwiftMathBinding.swift */ = {isa = PBXFileReference; lastKnownFileType = sourcecode.swift; path = SwiftMathBinding.swift; sourceTree = "<group>"; };
		OBJ_13 /* SwiftMathBinding_Listener.swift */ = {isa = PBXFileReference; lastKnownFileType = sourcecode.swift; path = SwiftMathBinding_Listener.swift; sourceTree = "<group>"; };
		OBJ_14 /* SwiftMathBinding_Responder.swift */ = {isa = PBXFileReference; lastKnownFileType = sourcecode.swift; path = SwiftMathBinding_Responder.swift; sourceTree = "<group>"; };
		OBJ_15 /* main.swift */ = {isa = PBXFileReference; lastKnownFileType = sourcecode.swift; path = main.swift; sourceTree = "<group>"; };
		OBJ_19 /* Package.swift */ = {isa = PBXFileReference; explicitFileType = sourcecode.swift; name = Package.swift; path = "/Users/coleman/Developer/SwiftAndroid-Sample/src/main/swift/.build/checkouts/Bluetooth.git--1679829496101537995/Package.swift"; sourceTree = "<group>"; };
		OBJ_20 /* ATT.swift */ = {isa = PBXFileReference; lastKnownFileType = sourcecode.swift; path = ATT.swift; sourceTree = "<group>"; };
		OBJ_21 /* ATTProtocolDataUnit.swift */ = {isa = PBXFileReference; lastKnownFileType = sourcecode.swift; path = ATTProtocolDataUnit.swift; sourceTree = "<group>"; };
		OBJ_22 /* Address.swift */ = {isa = PBXFileReference; lastKnownFileType = sourcecode.swift; path = Address.swift; sourceTree = "<group>"; };
		OBJ_23 /* AdvertisingChannelHeader.swift */ = {isa = PBXFileReference; lastKnownFileType = sourcecode.swift; path = AdvertisingChannelHeader.swift; sourceTree = "<group>"; };
		OBJ_24 /* BitMaskOption.swift */ = {isa = PBXFileReference; lastKnownFileType = sourcecode.swift; path = BitMaskOption.swift; sourceTree = "<group>"; };
		OBJ_25 /* BluetoothUUID.swift */ = {isa = PBXFileReference; lastKnownFileType = sourcecode.swift; path = BluetoothUUID.swift; sourceTree = "<group>"; };
		OBJ_26 /* ByteValue.swift */ = {isa = PBXFileReference; lastKnownFileType = sourcecode.swift; path = ByteValue.swift; sourceTree = "<group>"; };
		OBJ_27 /* CompanyIdentifier.swift */ = {isa = PBXFileReference; lastKnownFileType = sourcecode.swift; path = CompanyIdentifier.swift; sourceTree = "<group>"; };
		OBJ_28 /* DefinedUUID.swift */ = {isa = PBXFileReference; lastKnownFileType = sourcecode.swift; path = DefinedUUID.swift; sourceTree = "<group>"; };
		OBJ_29 /* GATT.swift */ = {isa = PBXFileReference; lastKnownFileType = sourcecode.swift; path = GATT.swift; sourceTree = "<group>"; };
		OBJ_30 /* GATTAttributes.swift */ = {isa = PBXFileReference; lastKnownFileType = sourcecode.swift; path = GATTAttributes.swift; sourceTree = "<group>"; };
		OBJ_31 /* HCI.swift */ = {isa = PBXFileReference; lastKnownFileType = sourcecode.swift; path = HCI.swift; sourceTree = "<group>"; };
		OBJ_32 /* HCICommand.swift */ = {isa = PBXFileReference; lastKnownFileType = sourcecode.swift; path = HCICommand.swift; sourceTree = "<group>"; };
		OBJ_33 /* HCIError.swift */ = {isa = PBXFileReference; lastKnownFileType = sourcecode.swift; path = HCIError.swift; sourceTree = "<group>"; };
		OBJ_34 /* HCIEvent.swift */ = {isa = PBXFileReference; lastKnownFileType = sourcecode.swift; path = HCIEvent.swift; sourceTree = "<group>"; };
		OBJ_35 /* HCIGeneralEvent.swift */ = {isa = PBXFileReference; lastKnownFileType = sourcecode.swift; path = HCIGeneralEvent.swift; sourceTree = "<group>"; };
		OBJ_36 /* HCIGeneralEventParameter.swift */ = {isa = PBXFileReference; lastKnownFileType = sourcecode.swift; path = HCIGeneralEventParameter.swift; sourceTree = "<group>"; };
		OBJ_37 /* HCIVersion.swift */ = {isa = PBXFileReference; lastKnownFileType = sourcecode.swift; path = HCIVersion.swift; sourceTree = "<group>"; };
		OBJ_38 /* Hexadecimal.swift */ = {isa = PBXFileReference; lastKnownFileType = sourcecode.swift; path = Hexadecimal.swift; sourceTree = "<group>"; };
		OBJ_39 /* Integer.swift */ = {isa = PBXFileReference; lastKnownFileType = sourcecode.swift; path = Integer.swift; sourceTree = "<group>"; };
		OBJ_40 /* LinkControlCommand.swift */ = {isa = PBXFileReference; lastKnownFileType = sourcecode.swift; path = LinkControlCommand.swift; sourceTree = "<group>"; };
		OBJ_41 /* LinkControlCommandParameter.swift */ = {isa = PBXFileReference; lastKnownFileType = sourcecode.swift; path = LinkControlCommandParameter.swift; sourceTree = "<group>"; };
		OBJ_42 /* LowEnergyAddressType.swift */ = {isa = PBXFileReference; lastKnownFileType = sourcecode.swift; path = LowEnergyAddressType.swift; sourceTree = "<group>"; };
		OBJ_43 /* LowEnergyCommand.swift */ = {isa = PBXFileReference; lastKnownFileType = sourcecode.swift; path = LowEnergyCommand.swift; sourceTree = "<group>"; };
		OBJ_44 /* LowEnergyCommandParameter.swift */ = {isa = PBXFileReference; lastKnownFileType = sourcecode.swift; path = LowEnergyCommandParameter.swift; sourceTree = "<group>"; };
		OBJ_45 /* LowEnergyEvent.swift */ = {isa = PBXFileReference; lastKnownFileType = sourcecode.swift; path = LowEnergyEvent.swift; sourceTree = "<group>"; };
		OBJ_46 /* LowEnergyEventParameter.swift */ = {isa = PBXFileReference; lastKnownFileType = sourcecode.swift; path = LowEnergyEventParameter.swift; sourceTree = "<group>"; };
		OBJ_47 /* PSM.swift */ = {isa = PBXFileReference; lastKnownFileType = sourcecode.swift; path = PSM.swift; sourceTree = "<group>"; };
		OBJ_48 /* Range.swift */ = {isa = PBXFileReference; lastKnownFileType = sourcecode.swift; path = Range.swift; sourceTree = "<group>"; };
		OBJ_49 /* String.swift */ = {isa = PBXFileReference; lastKnownFileType = sourcecode.swift; path = String.swift; sourceTree = "<group>"; };
		OBJ_50 /* UInt128.swift */ = {isa = PBXFileReference; lastKnownFileType = sourcecode.swift; path = UInt128.swift; sourceTree = "<group>"; };
		OBJ_51 /* UUID.swift */ = {isa = PBXFileReference; lastKnownFileType = sourcecode.swift; path = UUID.swift; sourceTree = "<group>"; };
		OBJ_53 /* Package.swift */ = {isa = PBXFileReference; explicitFileType = sourcecode.swift; name = Package.swift; path = "/Users/coleman/Developer/SwiftAndroid-Sample/src/main/swift/.build/checkouts/java_swift.git-9082904271628832338/Package.swift"; sourceTree = "<group>"; };
		OBJ_54 /* Exception.swift */ = {isa = PBXFileReference; lastKnownFileType = sourcecode.swift; path = Exception.swift; sourceTree = "<group>"; };
		OBJ_55 /* HashMap.swift */ = {isa = PBXFileReference; lastKnownFileType = sourcecode.swift; path = HashMap.swift; sourceTree = "<group>"; };
		OBJ_56 /* JNICore.swift */ = {isa = PBXFileReference; lastKnownFileType = sourcecode.swift; path = JNICore.swift; sourceTree = "<group>"; };
		OBJ_57 /* JNIField.swift */ = {isa = PBXFileReference; lastKnownFileType = sourcecode.swift; path = JNIField.swift; sourceTree = "<group>"; };
		OBJ_58 /* JNIMethod.swift */ = {isa = PBXFileReference; lastKnownFileType = sourcecode.swift; path = JNIMethod.swift; sourceTree = "<group>"; };
		OBJ_59 /* JNIObject.swift */ = {isa = PBXFileReference; lastKnownFileType = sourcecode.swift; path = JNIObject.swift; sourceTree = "<group>"; };
		OBJ_6 /* Package.swift */ = {isa = PBXFileReference; explicitFileType = sourcecode.swift; path = Package.swift; sourceTree = "<group>"; };
		OBJ_60 /* JNIProxy.swift */ = {isa = PBXFileReference; lastKnownFileType = sourcecode.swift; path = JNIProxy.swift; sourceTree = "<group>"; };
		OBJ_61 /* JNIType.swift */ = {isa = PBXFileReference; lastKnownFileType = sourcecode.swift; path = JNIType.swift; sourceTree = "<group>"; };
		OBJ_62 /* JavaClass.swift */ = {isa = PBXFileReference; lastKnownFileType = sourcecode.swift; path = JavaClass.swift; sourceTree = "<group>"; };
		OBJ_63 /* JavaEnum.swift */ = {isa = PBXFileReference; lastKnownFileType = sourcecode.swift; path = JavaEnum.swift; sourceTree = "<group>"; };
		OBJ_64 /* JavaMap.swift */ = {isa = PBXFileReference; lastKnownFileType = sourcecode.swift; path = JavaMap.swift; sourceTree = "<group>"; };
		OBJ_65 /* JavaObject.swift */ = {isa = PBXFileReference; lastKnownFileType = sourcecode.swift; path = JavaObject.swift; sourceTree = "<group>"; };
		OBJ_66 /* JavaSet.swift */ = {isa = PBXFileReference; lastKnownFileType = sourcecode.swift; path = JavaSet.swift; sourceTree = "<group>"; };
		OBJ_67 /* Runnable.swift */ = {isa = PBXFileReference; lastKnownFileType = sourcecode.swift; path = Runnable.swift; sourceTree = "<group>"; };
		OBJ_68 /* Throwable.swift */ = {isa = PBXFileReference; lastKnownFileType = sourcecode.swift; path = Throwable.swift; sourceTree = "<group>"; };
		OBJ_8 /* SwiftListViewBinding.swift */ = {isa = PBXFileReference; lastKnownFileType = sourcecode.swift; path = SwiftListViewBinding.swift; sourceTree = "<group>"; };
		OBJ_9 /* SwiftListViewBinding_Cell.swift */ = {isa = PBXFileReference; lastKnownFileType = sourcecode.swift; path = SwiftListViewBinding_Cell.swift; sourceTree = "<group>"; };
		"java_swift::java_swift::Product" /* java_swift.framework */ = {isa = PBXFileReference; explicitFileType = wrapper.framework; path = java_swift.framework; sourceTree = BUILT_PRODUCTS_DIR; };
		"libswiftandroid.so::libswiftandroid.so::Product" /* libswiftandroid.so */ = {isa = PBXFileReference; lastKnownFileType = file; path = libswiftandroid.so; sourceTree = BUILT_PRODUCTS_DIR; };
/* End PBXFileReference section */

/* Begin PBXFrameworksBuildPhase section */
		OBJ_104 /* Frameworks */ = {
			isa = PBXFrameworksBuildPhase;
			buildActionMask = 0;
			files = (
				OBJ_105 /* Bluetooth.framework in Frameworks */,
				OBJ_106 /* java_swift.framework in Frameworks */,
			);
			runOnlyForDeploymentPostprocessing = 0;
		};
		OBJ_147 /* Frameworks */ = {
			isa = PBXFrameworksBuildPhase;
			buildActionMask = 0;
			files = (
			);
			runOnlyForDeploymentPostprocessing = 0;
		};
		OBJ_167 /* Frameworks */ = {
			isa = PBXFrameworksBuildPhase;
			buildActionMask = 0;
			files = (
			);
			runOnlyForDeploymentPostprocessing = 0;
		};
/* End PBXFrameworksBuildPhase section */

/* Begin PBXGroup section */
		OBJ_16 /* Tests */ = {
			isa = PBXGroup;
			children = (
			);
			name = Tests;
			sourceTree = SOURCE_ROOT;
		};
		OBJ_17 /* Dependencies */ = {
			isa = PBXGroup;
			children = (
				OBJ_18 /* Bluetooth 1.5.7 */,
				OBJ_52 /* java_swift 2.2.1 */,
			);
			name = Dependencies;
			sourceTree = "<group>";
		};
		OBJ_18 /* Bluetooth 1.5.7 */ = {
			isa = PBXGroup;
			children = (
				OBJ_19 /* Package.swift */,
				OBJ_20 /* ATT.swift */,
				OBJ_21 /* ATTProtocolDataUnit.swift */,
				OBJ_22 /* Address.swift */,
				OBJ_23 /* AdvertisingChannelHeader.swift */,
				OBJ_24 /* BitMaskOption.swift */,
				OBJ_25 /* BluetoothUUID.swift */,
				OBJ_26 /* ByteValue.swift */,
				OBJ_27 /* CompanyIdentifier.swift */,
				OBJ_28 /* DefinedUUID.swift */,
				OBJ_29 /* GATT.swift */,
				OBJ_30 /* GATTAttributes.swift */,
				OBJ_31 /* HCI.swift */,
				OBJ_32 /* HCICommand.swift */,
				OBJ_33 /* HCIError.swift */,
				OBJ_34 /* HCIEvent.swift */,
				OBJ_35 /* HCIGeneralEvent.swift */,
				OBJ_36 /* HCIGeneralEventParameter.swift */,
				OBJ_37 /* HCIVersion.swift */,
				OBJ_38 /* Hexadecimal.swift */,
				OBJ_39 /* Integer.swift */,
				OBJ_40 /* LinkControlCommand.swift */,
				OBJ_41 /* LinkControlCommandParameter.swift */,
				OBJ_42 /* LowEnergyAddressType.swift */,
				OBJ_43 /* LowEnergyCommand.swift */,
				OBJ_44 /* LowEnergyCommandParameter.swift */,
				OBJ_45 /* LowEnergyEvent.swift */,
				OBJ_46 /* LowEnergyEventParameter.swift */,
				OBJ_47 /* PSM.swift */,
				OBJ_48 /* Range.swift */,
				OBJ_49 /* String.swift */,
				OBJ_50 /* UInt128.swift */,
				OBJ_51 /* UUID.swift */,
			);
			name = "Bluetooth 1.5.7";
			path = ".build/checkouts/Bluetooth.git--1679829496101537995/Sources";
			sourceTree = SOURCE_ROOT;
		};
		OBJ_5 /*  */ = {
			isa = PBXGroup;
			children = (
				OBJ_6 /* Package.swift */,
				OBJ_7 /* Sources */,
				OBJ_16 /* Tests */,
				OBJ_17 /* Dependencies */,
				OBJ_69 /* Products */,
			);
			name = "";
			sourceTree = "<group>";
		};
		OBJ_52 /* java_swift 2.2.1 */ = {
			isa = PBXGroup;
			children = (
				OBJ_53 /* Package.swift */,
				OBJ_54 /* Exception.swift */,
				OBJ_55 /* HashMap.swift */,
				OBJ_56 /* JNICore.swift */,
				OBJ_57 /* JNIField.swift */,
				OBJ_58 /* JNIMethod.swift */,
				OBJ_59 /* JNIObject.swift */,
				OBJ_60 /* JNIProxy.swift */,
				OBJ_61 /* JNIType.swift */,
				OBJ_62 /* JavaClass.swift */,
				OBJ_63 /* JavaEnum.swift */,
				OBJ_64 /* JavaMap.swift */,
				OBJ_65 /* JavaObject.swift */,
				OBJ_66 /* JavaSet.swift */,
				OBJ_67 /* Runnable.swift */,
				OBJ_68 /* Throwable.swift */,
			);
			name = "java_swift 2.2.1";
			path = ".build/checkouts/java_swift.git-9082904271628832338/Sources";
			sourceTree = SOURCE_ROOT;
		};
		OBJ_69 /* Products */ = {
			isa = PBXGroup;
			children = (
				"libswiftandroid.so::libswiftandroid.so::Product" /* libswiftandroid.so */,
				"Bluetooth::Bluetooth::Product" /* Bluetooth.framework */,
				"java_swift::java_swift::Product" /* java_swift.framework */,
			);
			name = Products;
			sourceTree = BUILT_PRODUCTS_DIR;
		};
		OBJ_7 /* Sources */ = {
			isa = PBXGroup;
			children = (
				OBJ_8 /* SwiftListViewBinding.swift */,
				OBJ_9 /* SwiftListViewBinding_Cell.swift */,
				OBJ_10 /* SwiftListViewBinding_Listener.swift */,
				OBJ_11 /* SwiftListViewBinding_Responder.swift */,
				OBJ_12 /* SwiftMathBinding.swift */,
				OBJ_13 /* SwiftMathBinding_Listener.swift */,
				OBJ_14 /* SwiftMathBinding_Responder.swift */,
				OBJ_15 /* main.swift */,
			);
			path = Sources;
			sourceTree = SOURCE_ROOT;
		};
/* End PBXGroup section */

/* Begin PBXNativeTarget section */
		"Bluetooth::Bluetooth" /* Bluetooth */ = {
			isa = PBXNativeTarget;
			buildConfigurationList = OBJ_111 /* Build configuration list for PBXNativeTarget "Bluetooth" */;
			buildPhases = (
				OBJ_114 /* Sources */,
				OBJ_147 /* Frameworks */,
			);
			buildRules = (
			);
			dependencies = (
			);
			name = Bluetooth;
			productName = Bluetooth;
			productReference = "Bluetooth::Bluetooth::Product" /* Bluetooth.framework */;
			productType = "com.apple.product-type.framework";
		};
		"Bluetooth::SwiftPMPackageDescription" /* BluetoothPackageDescription */ = {
			isa = PBXNativeTarget;
			buildConfigurationList = OBJ_80 /* Build configuration list for PBXNativeTarget "BluetoothPackageDescription" */;
			buildPhases = (
				OBJ_83 /* Sources */,
			);
			buildRules = (
			);
			dependencies = (
			);
			name = BluetoothPackageDescription;
			productName = BluetoothPackageDescription;
			productType = "com.apple.product-type.framework";
		};
		"java_swift::SwiftPMPackageDescription" /* java_swiftPackageDescription */ = {
			isa = PBXNativeTarget;
			buildConfigurationList = OBJ_86 /* Build configuration list for PBXNativeTarget "java_swiftPackageDescription" */;
			buildPhases = (
				OBJ_89 /* Sources */,
			);
			buildRules = (
			);
			dependencies = (
			);
			name = java_swiftPackageDescription;
			productName = java_swiftPackageDescription;
			productType = "com.apple.product-type.framework";
		};
		"java_swift::java_swift" /* java_swift */ = {
			isa = PBXNativeTarget;
			buildConfigurationList = OBJ_148 /* Build configuration list for PBXNativeTarget "java_swift" */;
			buildPhases = (
				OBJ_151 /* Sources */,
				OBJ_167 /* Frameworks */,
			);
			buildRules = (
			);
			dependencies = (
			);
			name = java_swift;
			productName = java_swift;
			productReference = "java_swift::java_swift::Product" /* java_swift.framework */;
			productType = "com.apple.product-type.framework";
		};
		"libswiftandroid.so::SwiftPMPackageDescription" /* libswiftandroid.soPackageDescription */ = {
			isa = PBXNativeTarget;
			buildConfigurationList = OBJ_74 /* Build configuration list for PBXNativeTarget "libswiftandroid.soPackageDescription" */;
			buildPhases = (
				OBJ_77 /* Sources */,
			);
			buildRules = (
			);
			dependencies = (
			);
			name = libswiftandroid.soPackageDescription;
			productName = libswiftandroid.soPackageDescription;
			productType = "com.apple.product-type.framework";
		};
		"libswiftandroid.so::libswiftandroid.so" /* libswiftandroid.so */ = {
			isa = PBXNativeTarget;
			buildConfigurationList = OBJ_92 /* Build configuration list for PBXNativeTarget "libswiftandroid.so" */;
			buildPhases = (
				OBJ_95 /* Sources */,
				OBJ_104 /* Frameworks */,
			);
			buildRules = (
			);
			dependencies = (
				OBJ_107 /* PBXTargetDependency */,
				OBJ_109 /* PBXTargetDependency */,
			);
			name = libswiftandroid.so;
			productName = libswiftandroid_so;
			productReference = "libswiftandroid.so::libswiftandroid.so::Product" /* libswiftandroid.so */;
			productType = "com.apple.product-type.tool";
		};
/* End PBXNativeTarget section */

/* Begin PBXProject section */
		OBJ_1 /* Project object */ = {
			isa = PBXProject;
			attributes = {
				LastUpgradeCheck = 9999;
			};
			buildConfigurationList = OBJ_2 /* Build configuration list for PBXProject "libswiftandroid.so" */;
			compatibilityVersion = "Xcode 3.2";
			developmentRegion = English;
			hasScannedForEncodings = 0;
			knownRegions = (
				en,
			);
			mainGroup = OBJ_5 /*  */;
			productRefGroup = OBJ_69 /* Products */;
			projectDirPath = "";
			projectRoot = "";
			targets = (
				"libswiftandroid.so::SwiftPMPackageDescription" /* libswiftandroid.soPackageDescription */,
				"Bluetooth::SwiftPMPackageDescription" /* BluetoothPackageDescription */,
				"java_swift::SwiftPMPackageDescription" /* java_swiftPackageDescription */,
				"libswiftandroid.so::libswiftandroid.so" /* libswiftandroid.so */,
				"Bluetooth::Bluetooth" /* Bluetooth */,
				"java_swift::java_swift" /* java_swift */,
			);
		};
/* End PBXProject section */

/* Begin PBXSourcesBuildPhase section */
		OBJ_114 /* Sources */ = {
			isa = PBXSourcesBuildPhase;
			buildActionMask = 0;
			files = (
				OBJ_115 /* ATT.swift in Sources */,
				OBJ_116 /* ATTProtocolDataUnit.swift in Sources */,
				OBJ_117 /* Address.swift in Sources */,
				OBJ_118 /* AdvertisingChannelHeader.swift in Sources */,
				OBJ_119 /* BitMaskOption.swift in Sources */,
				OBJ_120 /* BluetoothUUID.swift in Sources */,
				OBJ_121 /* ByteValue.swift in Sources */,
				OBJ_122 /* CompanyIdentifier.swift in Sources */,
				OBJ_123 /* DefinedUUID.swift in Sources */,
				OBJ_124 /* GATT.swift in Sources */,
				OBJ_125 /* GATTAttributes.swift in Sources */,
				OBJ_126 /* HCI.swift in Sources */,
				OBJ_127 /* HCICommand.swift in Sources */,
				OBJ_128 /* HCIError.swift in Sources */,
				OBJ_129 /* HCIEvent.swift in Sources */,
				OBJ_130 /* HCIGeneralEvent.swift in Sources */,
				OBJ_131 /* HCIGeneralEventParameter.swift in Sources */,
				OBJ_132 /* HCIVersion.swift in Sources */,
				OBJ_133 /* Hexadecimal.swift in Sources */,
				OBJ_134 /* Integer.swift in Sources */,
				OBJ_135 /* LinkControlCommand.swift in Sources */,
				OBJ_136 /* LinkControlCommandParameter.swift in Sources */,
				OBJ_137 /* LowEnergyAddressType.swift in Sources */,
				OBJ_138 /* LowEnergyCommand.swift in Sources */,
				OBJ_139 /* LowEnergyCommandParameter.swift in Sources */,
				OBJ_140 /* LowEnergyEvent.swift in Sources */,
				OBJ_141 /* LowEnergyEventParameter.swift in Sources */,
				OBJ_142 /* PSM.swift in Sources */,
				OBJ_143 /* Range.swift in Sources */,
				OBJ_144 /* String.swift in Sources */,
				OBJ_145 /* UInt128.swift in Sources */,
				OBJ_146 /* UUID.swift in Sources */,
			);
			runOnlyForDeploymentPostprocessing = 0;
		};
		OBJ_151 /* Sources */ = {
			isa = PBXSourcesBuildPhase;
			buildActionMask = 0;
			files = (
				OBJ_152 /* Exception.swift in Sources */,
				OBJ_153 /* HashMap.swift in Sources */,
				OBJ_154 /* JNICore.swift in Sources */,
				OBJ_155 /* JNIField.swift in Sources */,
				OBJ_156 /* JNIMethod.swift in Sources */,
				OBJ_157 /* JNIObject.swift in Sources */,
				OBJ_158 /* JNIProxy.swift in Sources */,
				OBJ_159 /* JNIType.swift in Sources */,
				OBJ_160 /* JavaClass.swift in Sources */,
				OBJ_161 /* JavaEnum.swift in Sources */,
				OBJ_162 /* JavaMap.swift in Sources */,
				OBJ_163 /* JavaObject.swift in Sources */,
				OBJ_164 /* JavaSet.swift in Sources */,
				OBJ_165 /* Runnable.swift in Sources */,
				OBJ_166 /* Throwable.swift in Sources */,
			);
			runOnlyForDeploymentPostprocessing = 0;
		};
		OBJ_77 /* Sources */ = {
			isa = PBXSourcesBuildPhase;
			buildActionMask = 0;
			files = (
				OBJ_78 /* Package.swift in Sources */,
			);
			runOnlyForDeploymentPostprocessing = 0;
		};
		OBJ_83 /* Sources */ = {
			isa = PBXSourcesBuildPhase;
			buildActionMask = 0;
			files = (
				OBJ_84 /* Package.swift in Sources */,
			);
			runOnlyForDeploymentPostprocessing = 0;
		};
		OBJ_89 /* Sources */ = {
			isa = PBXSourcesBuildPhase;
			buildActionMask = 0;
			files = (
				OBJ_90 /* Package.swift in Sources */,
			);
			runOnlyForDeploymentPostprocessing = 0;
		};
		OBJ_95 /* Sources */ = {
			isa = PBXSourcesBuildPhase;
			buildActionMask = 0;
			files = (
				OBJ_96 /* SwiftListViewBinding.swift in Sources */,
				OBJ_97 /* SwiftListViewBinding_Cell.swift in Sources */,
				OBJ_98 /* SwiftListViewBinding_Listener.swift in Sources */,
				OBJ_99 /* SwiftListViewBinding_Responder.swift in Sources */,
				OBJ_100 /* SwiftMathBinding.swift in Sources */,
				OBJ_101 /* SwiftMathBinding_Listener.swift in Sources */,
				OBJ_102 /* SwiftMathBinding_Responder.swift in Sources */,
				OBJ_103 /* main.swift in Sources */,
			);
			runOnlyForDeploymentPostprocessing = 0;
		};
/* End PBXSourcesBuildPhase section */

/* Begin PBXTargetDependency section */
		OBJ_107 /* PBXTargetDependency */ = {
			isa = PBXTargetDependency;
			target = "Bluetooth::Bluetooth" /* Bluetooth */;
			targetProxy = 6E45C7E5205DA34F00C76374 /* PBXContainerItemProxy */;
		};
		OBJ_109 /* PBXTargetDependency */ = {
			isa = PBXTargetDependency;
			target = "java_swift::java_swift" /* java_swift */;
			targetProxy = 6E45C7E6205DA34F00C76374 /* PBXContainerItemProxy */;
		};
/* End PBXTargetDependency section */

/* Begin XCBuildConfiguration section */
		OBJ_112 /* Debug */ = {
			isa = XCBuildConfiguration;
			buildSettings = {
				ENABLE_TESTABILITY = YES;
				FRAMEWORK_SEARCH_PATHS = (
					"$(inherited)",
					"$(PLATFORM_DIR)/Developer/Library/Frameworks",
				);
				HEADER_SEARCH_PATHS = "$(inherited)";
				INFOPLIST_FILE = libswiftandroid.so.xcodeproj/Bluetooth_Info.plist;
				LD_RUNPATH_SEARCH_PATHS = "$(TOOLCHAIN_DIR)/usr/lib/swift/macosx";
				OTHER_LDFLAGS = "$(inherited)";
				OTHER_SWIFT_FLAGS = "$(inherited)";
				PRODUCT_BUNDLE_IDENTIFIER = Bluetooth;
				PRODUCT_MODULE_NAME = "$(TARGET_NAME:c99extidentifier)";
				PRODUCT_NAME = "$(TARGET_NAME:c99extidentifier)";
				SKIP_INSTALL = YES;
				SWIFT_VERSION = 3.0;
				TARGET_NAME = Bluetooth;
			};
			name = Debug;
		};
		OBJ_113 /* Release */ = {
			isa = XCBuildConfiguration;
			buildSettings = {
				ENABLE_TESTABILITY = YES;
				FRAMEWORK_SEARCH_PATHS = (
					"$(inherited)",
					"$(PLATFORM_DIR)/Developer/Library/Frameworks",
				);
				HEADER_SEARCH_PATHS = "$(inherited)";
				INFOPLIST_FILE = libswiftandroid.so.xcodeproj/Bluetooth_Info.plist;
				LD_RUNPATH_SEARCH_PATHS = "$(TOOLCHAIN_DIR)/usr/lib/swift/macosx";
				OTHER_LDFLAGS = "$(inherited)";
				OTHER_SWIFT_FLAGS = "$(inherited)";
				PRODUCT_BUNDLE_IDENTIFIER = Bluetooth;
				PRODUCT_MODULE_NAME = "$(TARGET_NAME:c99extidentifier)";
				PRODUCT_NAME = "$(TARGET_NAME:c99extidentifier)";
				SKIP_INSTALL = YES;
				SWIFT_VERSION = 3.0;
				TARGET_NAME = Bluetooth;
			};
			name = Release;
		};
		OBJ_149 /* Debug */ = {
			isa = XCBuildConfiguration;
			buildSettings = {
				ENABLE_TESTABILITY = YES;
				FRAMEWORK_SEARCH_PATHS = (
					"$(inherited)",
					"$(PLATFORM_DIR)/Developer/Library/Frameworks",
				);
				HEADER_SEARCH_PATHS = (
					"$(inherited)",
					"$(SRCROOT)/.build/checkouts/CJavaVM.git--1521134582023321205",
				);
				INFOPLIST_FILE = libswiftandroid.so.xcodeproj/java_swift_Info.plist;
				LD_RUNPATH_SEARCH_PATHS = "$(TOOLCHAIN_DIR)/usr/lib/swift/macosx";
				OTHER_LDFLAGS = "$(inherited)";
				OTHER_SWIFT_FLAGS = "$(inherited)";
				PRODUCT_BUNDLE_IDENTIFIER = "java-swift";
				PRODUCT_MODULE_NAME = "$(TARGET_NAME:c99extidentifier)";
				PRODUCT_NAME = "$(TARGET_NAME:c99extidentifier)";
				SKIP_INSTALL = YES;
				SWIFT_VERSION = 3.0;
				TARGET_NAME = java_swift;
			};
			name = Debug;
		};
		OBJ_150 /* Release */ = {
			isa = XCBuildConfiguration;
			buildSettings = {
				ENABLE_TESTABILITY = YES;
				FRAMEWORK_SEARCH_PATHS = (
					"$(inherited)",
					"$(PLATFORM_DIR)/Developer/Library/Frameworks",
				);
				HEADER_SEARCH_PATHS = (
					"$(inherited)",
					"$(SRCROOT)/.build/checkouts/CJavaVM.git--1521134582023321205",
				);
				INFOPLIST_FILE = libswiftandroid.so.xcodeproj/java_swift_Info.plist;
				LD_RUNPATH_SEARCH_PATHS = "$(TOOLCHAIN_DIR)/usr/lib/swift/macosx";
				OTHER_LDFLAGS = "$(inherited)";
				OTHER_SWIFT_FLAGS = "$(inherited)";
				PRODUCT_BUNDLE_IDENTIFIER = "java-swift";
				PRODUCT_MODULE_NAME = "$(TARGET_NAME:c99extidentifier)";
				PRODUCT_NAME = "$(TARGET_NAME:c99extidentifier)";
				SKIP_INSTALL = YES;
				SWIFT_VERSION = 3.0;
				TARGET_NAME = java_swift;
			};
			name = Release;
		};
		OBJ_3 /* Debug */ = {
			isa = XCBuildConfiguration;
			buildSettings = {
				CLANG_ENABLE_OBJC_ARC = YES;
				COMBINE_HIDPI_IMAGES = YES;
				COPY_PHASE_STRIP = NO;
				DEBUG_INFORMATION_FORMAT = dwarf;
				DYLIB_INSTALL_NAME_BASE = "@rpath";
				ENABLE_NS_ASSERTIONS = YES;
				GCC_OPTIMIZATION_LEVEL = 0;
				MACOSX_DEPLOYMENT_TARGET = 10.10;
				ONLY_ACTIVE_ARCH = YES;
				OTHER_SWIFT_FLAGS = "-DXcode";
				PRODUCT_NAME = "$(TARGET_NAME)";
				SDKROOT = macosx;
				SUPPORTED_PLATFORMS = "macosx iphoneos iphonesimulator appletvos appletvsimulator watchos watchsimulator";
				SWIFT_ACTIVE_COMPILATION_CONDITIONS = SWIFT_PACKAGE;
				SWIFT_OPTIMIZATION_LEVEL = "-Onone";
				USE_HEADERMAP = NO;
			};
			name = Debug;
		};
		OBJ_4 /* Release */ = {
			isa = XCBuildConfiguration;
			buildSettings = {
				CLANG_ENABLE_OBJC_ARC = YES;
				COMBINE_HIDPI_IMAGES = YES;
				COPY_PHASE_STRIP = YES;
				DEBUG_INFORMATION_FORMAT = "dwarf-with-dsym";
				DYLIB_INSTALL_NAME_BASE = "@rpath";
				GCC_OPTIMIZATION_LEVEL = s;
				MACOSX_DEPLOYMENT_TARGET = 10.10;
				OTHER_SWIFT_FLAGS = "-DXcode";
				PRODUCT_NAME = "$(TARGET_NAME)";
				SDKROOT = macosx;
				SUPPORTED_PLATFORMS = "macosx iphoneos iphonesimulator appletvos appletvsimulator watchos watchsimulator";
				SWIFT_ACTIVE_COMPILATION_CONDITIONS = SWIFT_PACKAGE;
				SWIFT_OPTIMIZATION_LEVEL = "-Owholemodule";
				USE_HEADERMAP = NO;
			};
			name = Release;
		};
		OBJ_75 /* Debug */ = {
			isa = XCBuildConfiguration;
			buildSettings = {
				LD = /usr/bin/true;
				OTHER_SWIFT_FLAGS = "-swift-version 3 -I /Applications/Xcode.app/Contents/Developer/Toolchains/XcodeDefault.xctoolchain/usr/lib/swift/pm/3 -target x86_64-apple-macosx10.10 -sdk /Applications/Xcode.app/Contents/Developer/Platforms/MacOSX.platform/Developer/SDKs/MacOSX10.13.sdk";
				SWIFT_VERSION = 3.0;
			};
			name = Debug;
		};
		OBJ_76 /* Release */ = {
			isa = XCBuildConfiguration;
			buildSettings = {
				LD = /usr/bin/true;
				OTHER_SWIFT_FLAGS = "-swift-version 3 -I /Applications/Xcode.app/Contents/Developer/Toolchains/XcodeDefault.xctoolchain/usr/lib/swift/pm/3 -target x86_64-apple-macosx10.10 -sdk /Applications/Xcode.app/Contents/Developer/Platforms/MacOSX.platform/Developer/SDKs/MacOSX10.13.sdk";
				SWIFT_VERSION = 3.0;
			};
			name = Release;
		};
		OBJ_81 /* Debug */ = {
			isa = XCBuildConfiguration;
			buildSettings = {
				LD = /usr/bin/true;
				OTHER_SWIFT_FLAGS = "-swift-version 3 -I /Applications/Xcode.app/Contents/Developer/Toolchains/XcodeDefault.xctoolchain/usr/lib/swift/pm/3 -target x86_64-apple-macosx10.10 -sdk /Applications/Xcode.app/Contents/Developer/Platforms/MacOSX.platform/Developer/SDKs/MacOSX10.13.sdk";
				SWIFT_VERSION = 3.0;
			};
			name = Debug;
		};
		OBJ_82 /* Release */ = {
			isa = XCBuildConfiguration;
			buildSettings = {
				LD = /usr/bin/true;
				OTHER_SWIFT_FLAGS = "-swift-version 3 -I /Applications/Xcode.app/Contents/Developer/Toolchains/XcodeDefault.xctoolchain/usr/lib/swift/pm/3 -target x86_64-apple-macosx10.10 -sdk /Applications/Xcode.app/Contents/Developer/Platforms/MacOSX.platform/Developer/SDKs/MacOSX10.13.sdk";
				SWIFT_VERSION = 3.0;
			};
			name = Release;
		};
		OBJ_87 /* Debug */ = {
			isa = XCBuildConfiguration;
			buildSettings = {
				LD = /usr/bin/true;
				OTHER_SWIFT_FLAGS = "-swift-version 3 -I /Applications/Xcode.app/Contents/Developer/Toolchains/XcodeDefault.xctoolchain/usr/lib/swift/pm/3 -target x86_64-apple-macosx10.10 -sdk /Applications/Xcode.app/Contents/Developer/Platforms/MacOSX.platform/Developer/SDKs/MacOSX10.13.sdk";
				SWIFT_VERSION = 3.0;
			};
			name = Debug;
		};
		OBJ_88 /* Release */ = {
			isa = XCBuildConfiguration;
			buildSettings = {
				LD = /usr/bin/true;
				OTHER_SWIFT_FLAGS = "-swift-version 3 -I /Applications/Xcode.app/Contents/Developer/Toolchains/XcodeDefault.xctoolchain/usr/lib/swift/pm/3 -target x86_64-apple-macosx10.10 -sdk /Applications/Xcode.app/Contents/Developer/Platforms/MacOSX.platform/Developer/SDKs/MacOSX10.13.sdk";
				SWIFT_VERSION = 3.0;
			};
			name = Release;
		};
		OBJ_93 /* Debug */ = {
			isa = XCBuildConfiguration;
			buildSettings = {
				FRAMEWORK_SEARCH_PATHS = (
					"$(inherited)",
					"$(PLATFORM_DIR)/Developer/Library/Frameworks",
				);
				HEADER_SEARCH_PATHS = (
					"$(inherited)",
					"$(SRCROOT)/.build/checkouts/CJavaVM.git--1521134582023321205",
					"$(SRCROOT)/.build/checkouts/swift-android-sqlite.git-5776622855185516904",
				);
				INFOPLIST_FILE = libswiftandroid.so.xcodeproj/libswiftandroid_so_Info.plist;
				LD_RUNPATH_SEARCH_PATHS = "$(TOOLCHAIN_DIR)/usr/lib/swift/macosx @executable_path";
				OTHER_LDFLAGS = "$(inherited)";
				OTHER_SWIFT_FLAGS = "$(inherited)";
				SWIFT_FORCE_DYNAMIC_LINK_STDLIB = YES;
				SWIFT_FORCE_STATIC_LINK_STDLIB = NO;
				SWIFT_VERSION = 3.0;
				TARGET_NAME = libswiftandroid.so;
			};
			name = Debug;
		};
		OBJ_94 /* Release */ = {
			isa = XCBuildConfiguration;
			buildSettings = {
				FRAMEWORK_SEARCH_PATHS = (
					"$(inherited)",
					"$(PLATFORM_DIR)/Developer/Library/Frameworks",
				);
				HEADER_SEARCH_PATHS = (
					"$(inherited)",
					"$(SRCROOT)/.build/checkouts/CJavaVM.git--1521134582023321205",
					"$(SRCROOT)/.build/checkouts/swift-android-sqlite.git-5776622855185516904",
				);
				INFOPLIST_FILE = libswiftandroid.so.xcodeproj/libswiftandroid_so_Info.plist;
				LD_RUNPATH_SEARCH_PATHS = "$(TOOLCHAIN_DIR)/usr/lib/swift/macosx @executable_path";
				OTHER_LDFLAGS = "$(inherited)";
				OTHER_SWIFT_FLAGS = "$(inherited)";
				SWIFT_FORCE_DYNAMIC_LINK_STDLIB = YES;
				SWIFT_FORCE_STATIC_LINK_STDLIB = NO;
				SWIFT_VERSION = 3.0;
				TARGET_NAME = libswiftandroid.so;
			};
			name = Release;
		};
/* End XCBuildConfiguration section */

/* Begin XCConfigurationList section */
		OBJ_111 /* Build configuration list for PBXNativeTarget "Bluetooth" */ = {
			isa = XCConfigurationList;
			buildConfigurations = (
				OBJ_112 /* Debug */,
				OBJ_113 /* Release */,
			);
			defaultConfigurationIsVisible = 0;
			defaultConfigurationName = Debug;
		};
		OBJ_148 /* Build configuration list for PBXNativeTarget "java_swift" */ = {
			isa = XCConfigurationList;
			buildConfigurations = (
				OBJ_149 /* Debug */,
				OBJ_150 /* Release */,
			);
			defaultConfigurationIsVisible = 0;
			defaultConfigurationName = Debug;
		};
		OBJ_2 /* Build configuration list for PBXProject "libswiftandroid.so" */ = {
			isa = XCConfigurationList;
			buildConfigurations = (
				OBJ_3 /* Debug */,
				OBJ_4 /* Release */,
			);
			defaultConfigurationIsVisible = 0;
			defaultConfigurationName = Debug;
		};
		OBJ_74 /* Build configuration list for PBXNativeTarget "libswiftandroid.soPackageDescription" */ = {
			isa = XCConfigurationList;
			buildConfigurations = (
				OBJ_75 /* Debug */,
				OBJ_76 /* Release */,
			);
			defaultConfigurationIsVisible = 0;
			defaultConfigurationName = Debug;
		};
		OBJ_80 /* Build configuration list for PBXNativeTarget "BluetoothPackageDescription" */ = {
			isa = XCConfigurationList;
			buildConfigurations = (
				OBJ_81 /* Debug */,
				OBJ_82 /* Release */,
			);
			defaultConfigurationIsVisible = 0;
			defaultConfigurationName = Debug;
		};
		OBJ_86 /* Build configuration list for PBXNativeTarget "java_swiftPackageDescription" */ = {
			isa = XCConfigurationList;
			buildConfigurations = (
				OBJ_87 /* Debug */,
				OBJ_88 /* Release */,
			);
			defaultConfigurationIsVisible = 0;
			defaultConfigurationName = Debug;
		};
		OBJ_92 /* Build configuration list for PBXNativeTarget "libswiftandroid.so" */ = {
			isa = XCConfigurationList;
			buildConfigurations = (
				OBJ_93 /* Debug */,
				OBJ_94 /* Release */,
			);
			defaultConfigurationIsVisible = 0;
			defaultConfigurationName = Debug;
		};
/* End XCConfigurationList section */
	};
	rootObject = OBJ_1 /* Project object */;
}
